
Microsoft Visual Studio Solution File, Format Version 12.00
# Visual Studio 15
VisualStudioVersion = 15.0.26124.0
MinimumVisualStudioVersion = 15.0.26124.0
Project("{FAE04EC0-301F-11D3-BF4B-00C04F79EFBC}") = "Domain", "Domain\Domain.csproj", "{416598E8-32D0-453B-B24C-01059254747E}"
EndProject
Project("{FAE04EC0-301F-11D3-BF4B-00C04F79EFBC}") = "Application", "Application\Application.csproj", "{08FA2F58-D0F6-48F1-8DE6-3DC54F55B3F6}"
EndProject
Project("{FAE04EC0-301F-11D3-BF4B-00C04F79EFBC}") = "Persistence", "Persistence\Persistence.csproj", "{D19A3E79-F586-4FD0-9C35-8C562093C729}"
EndProject
Project("{FAE04EC0-301F-11D3-BF4B-00C04F79EFBC}") = "Api", "Api\Api.csproj", "{EA51C61E-A634-4FA3-8D88-6355374AD128}"
EndProject
Project("{FAE04EC0-301F-11D3-BF4B-00C04F79EFBC}") = "Infrastructure", "Infrastructure\Infrastructure.csproj", "{ADBBB750-4F1E-4590-9FBF-40CA071E1C36}"
EndProject
Global
	GlobalSection(SolutionConfigurationPlatforms) = preSolution
		Debug|Any CPU = Debug|Any CPU
		Debug|x64 = Debug|x64
		Debug|x86 = Debug|x86
		Release|Any CPU = Release|Any CPU
		Release|x64 = Release|x64
		Release|x86 = Release|x86
	EndGlobalSection
	GlobalSection(SolutionProperties) = preSolution
		HideSolutionNode = FALSE
	EndGlobalSection
	GlobalSection(ProjectConfigurationPlatforms) = postSolution
		{416598E8-32D0-453B-B24C-01059254747E}.Debug|Any CPU.ActiveCfg = Debug|Any CPU
		{416598E8-32D0-453B-B24C-01059254747E}.Debug|Any CPU.Build.0 = Debug|Any CPU
		{416598E8-32D0-453B-B24C-01059254747E}.Debug|x64.ActiveCfg = Debug|Any CPU
		{416598E8-32D0-453B-B24C-01059254747E}.Debug|x64.Build.0 = Debug|Any CPU
		{416598E8-32D0-453B-B24C-01059254747E}.Debug|x86.ActiveCfg = Debug|Any CPU
		{416598E8-32D0-453B-B24C-01059254747E}.Debug|x86.Build.0 = Debug|Any CPU
		{416598E8-32D0-453B-B24C-01059254747E}.Release|Any CPU.ActiveCfg = Release|Any CPU
		{416598E8-32D0-453B-B24C-01059254747E}.Release|Any CPU.Build.0 = Release|Any CPU
		{416598E8-32D0-453B-B24C-01059254747E}.Release|x64.ActiveCfg = Release|Any CPU
		{416598E8-32D0-453B-B24C-01059254747E}.Release|x64.Build.0 = Release|Any CPU
		{416598E8-32D0-453B-B24C-01059254747E}.Release|x86.ActiveCfg = Release|Any CPU
		{416598E8-32D0-453B-B24C-01059254747E}.Release|x86.Build.0 = Release|Any CPU
		{08FA2F58-D0F6-48F1-8DE6-3DC54F55B3F6}.Debug|Any CPU.ActiveCfg = Debug|Any CPU
		{08FA2F58-D0F6-48F1-8DE6-3DC54F55B3F6}.Debug|Any CPU.Build.0 = Debug|Any CPU
		{08FA2F58-D0F6-48F1-8DE6-3DC54F55B3F6}.Debug|x64.ActiveCfg = Debug|Any CPU
		{08FA2F58-D0F6-48F1-8DE6-3DC54F55B3F6}.Debug|x64.Build.0 = Debug|Any CPU
		{08FA2F58-D0F6-48F1-8DE6-3DC54F55B3F6}.Debug|x86.ActiveCfg = Debug|Any CPU
		{08FA2F58-D0F6-48F1-8DE6-3DC54F55B3F6}.Debug|x86.Build.0 = Debug|Any CPU
		{08FA2F58-D0F6-48F1-8DE6-3DC54F55B3F6}.Release|Any CPU.ActiveCfg = Release|Any CPU
		{08FA2F58-D0F6-48F1-8DE6-3DC54F55B3F6}.Release|Any CPU.Build.0 = Release|Any CPU
		{08FA2F58-D0F6-48F1-8DE6-3DC54F55B3F6}.Release|x64.ActiveCfg = Release|Any CPU
		{08FA2F58-D0F6-48F1-8DE6-3DC54F55B3F6}.Release|x64.Build.0 = Release|Any CPU
		{08FA2F58-D0F6-48F1-8DE6-3DC54F55B3F6}.Release|x86.ActiveCfg = Release|Any CPU
		{08FA2F58-D0F6-48F1-8DE6-3DC54F55B3F6}.Release|x86.Build.0 = Release|Any CPU
		{D19A3E79-F586-4FD0-9C35-8C562093C729}.Debug|Any CPU.ActiveCfg = Debug|Any CPU
		{D19A3E79-F586-4FD0-9C35-8C562093C729}.Debug|Any CPU.Build.0 = Debug|Any CPU
		{D19A3E79-F586-4FD0-9C35-8C562093C729}.Debug|x64.ActiveCfg = Debug|Any CPU
		{D19A3E79-F586-4FD0-9C35-8C562093C729}.Debug|x64.Build.0 = Debug|Any CPU
		{D19A3E79-F586-4FD0-9C35-8C562093C729}.Debug|x86.ActiveCfg = Debug|Any CPU
		{D19A3E79-F586-4FD0-9C35-8C562093C729}.Debug|x86.Build.0 = Debug|Any CPU
		{D19A3E79-F586-4FD0-9C35-8C562093C729}.Release|Any CPU.ActiveCfg = Release|Any CPU
		{D19A3E79-F586-4FD0-9C35-8C562093C729}.Release|Any CPU.Build.0 = Release|Any CPU
		{D19A3E79-F586-4FD0-9C35-8C562093C729}.Release|x64.ActiveCfg = Release|Any CPU
		{D19A3E79-F586-4FD0-9C35-8C562093C729}.Release|x64.Build.0 = Release|Any CPU
		{D19A3E79-F586-4FD0-9C35-8C562093C729}.Release|x86.ActiveCfg = Release|Any CPU
		{D19A3E79-F586-4FD0-9C35-8C562093C729}.Release|x86.Build.0 = Release|Any CPU
		{EA51C61E-A634-4FA3-8D88-6355374AD128}.Debug|Any CPU.ActiveCfg = Debug|Any CPU
		{EA51C61E-A634-4FA3-8D88-6355374AD128}.Debug|Any CPU.Build.0 = Debug|Any CPU
		{EA51C61E-A634-4FA3-8D88-6355374AD128}.Debug|x64.ActiveCfg = Debug|Any CPU
		{EA51C61E-A634-4FA3-8D88-6355374AD128}.Debug|x64.Build.0 = Debug|Any CPU
		{EA51C61E-A634-4FA3-8D88-6355374AD128}.Debug|x86.ActiveCfg = Debug|Any CPU
		{EA51C61E-A634-4FA3-8D88-6355374AD128}.Debug|x86.Build.0 = Debug|Any CPU
		{EA51C61E-A634-4FA3-8D88-6355374AD128}.Release|Any CPU.ActiveCfg = Release|Any CPU
		{EA51C61E-A634-4FA3-8D88-6355374AD128}.Release|Any CPU.Build.0 = Release|Any CPU
		{EA51C61E-A634-4FA3-8D88-6355374AD128}.Release|x64.ActiveCfg = Release|Any CPU
		{EA51C61E-A634-4FA3-8D88-6355374AD128}.Release|x64.Build.0 = Release|Any CPU
		{EA51C61E-A634-4FA3-8D88-6355374AD128}.Release|x86.ActiveCfg = Release|Any CPU
		{EA51C61E-A634-4FA3-8D88-6355374AD128}.Release|x86.Build.0 = Release|Any CPU
		{ADBBB750-4F1E-4590-9FBF-40CA071E1C36}.Debug|Any CPU.ActiveCfg = Debug|Any CPU
		{ADBBB750-4F1E-4590-9FBF-40CA071E1C36}.Debug|Any CPU.Build.0 = Debug|Any CPU
		{ADBBB750-4F1E-4590-9FBF-40CA071E1C36}.Debug|x64.ActiveCfg = Debug|Any CPU
		{ADBBB750-4F1E-4590-9FBF-40CA071E1C36}.Debug|x64.Build.0 = Debug|Any CPU
		{ADBBB750-4F1E-4590-9FBF-40CA071E1C36}.Debug|x86.ActiveCfg = Debug|Any CPU
		{ADBBB750-4F1E-4590-9FBF-40CA071E1C36}.Debug|x86.Build.0 = Debug|Any CPU
		{ADBBB750-4F1E-4590-9FBF-40CA071E1C36}.Release|Any CPU.ActiveCfg = Release|Any CPU
		{ADBBB750-4F1E-4590-9FBF-40CA071E1C36}.Release|Any CPU.Build.0 = Release|Any CPU
		{ADBBB750-4F1E-4590-9FBF-40CA071E1C36}.Release|x64.ActiveCfg = Release|Any CPU
		{ADBBB750-4F1E-4590-9FBF-40CA071E1C36}.Release|x64.Build.0 = Release|Any CPU
		{ADBBB750-4F1E-4590-9FBF-40CA071E1C36}.Release|x86.ActiveCfg = Release|Any CPU
		{ADBBB750-4F1E-4590-9FBF-40CA071E1C36}.Release|x86.Build.0 = Release|Any CPU
	EndGlobalSection
EndGlobal
